# This file is automatically @generated by Cargo.
# It is not intended for manual editing.
version = 3

[[package]]
name = "argh"
version = "0.1.12"
source = "registry+https://github.com/rust-lang/crates.io-index"
checksum = "7af5ba06967ff7214ce4c7419c7d185be7ecd6cc4965a8f6e1d8ce0398aad219"
dependencies = [
 "argh_derive",
 "argh_shared",
]

[[package]]
name = "argh_derive"
version = "0.1.12"
source = "registry+https://github.com/rust-lang/crates.io-index"
checksum = "56df0aeedf6b7a2fc67d06db35b09684c3e8da0c95f8f27685cb17e08413d87a"
dependencies = [
 "argh_shared",
 "proc-macro2",
 "quote",
 "syn",
]

[[package]]
name = "argh_shared"
version = "0.1.12"
source = "registry+https://github.com/rust-lang/crates.io-index"
checksum = "5693f39141bda5760ecc4111ab08da40565d1771038c4a0250f03457ec707531"
dependencies = [
 "serde",
]

[[package]]
name = "bitfield"
version = "0.13.2"
source = "registry+https://github.com/rust-lang/crates.io-index"
checksum = "46afbd2983a5d5a7bd740ccb198caf5b82f45c40c09c0eed36052d91cb92e719"

[[package]]
name = "csv"
version = "1.3.0"
source = "registry+https://github.com/rust-lang/crates.io-index"
checksum = "ac574ff4d437a7b5ad237ef331c17ccca63c46479e5b5453eb8e10bb99a759fe"
dependencies = [
 "csv-core",
 "itoa",
 "ryu",
 "serde",
]

[[package]]
name = "csv-core"
version = "0.1.11"
source = "registry+https://github.com/rust-lang/crates.io-index"
checksum = "5efa2b3d7902f4b634a20cae3c9c4e6209dc4779feb6863329607560143efa70"
dependencies = [
 "memchr",
]

[[package]]
name = "firewallchecker"
version = "0.1.0"
dependencies = [
 "argh",
 "csv",
 "ipnet",
 "packet_rs",
]

[[package]]
name = "ipnet"
version = "2.9.0"
source = "registry+https://github.com/rust-lang/crates.io-index"
checksum = "8f518f335dce6725a761382244631d86cf0ccb2863413590b31338feb467f9c3"

[[package]]
name = "itoa"
version = "1.0.11"
source = "registry+https://github.com/rust-lang/crates.io-index"
checksum = "49f1f14873335454500d59611f1cf4a4b0f786f9ac11f4312a78e4cf2566695b"

[[package]]
name = "memchr"
version = "2.7.2"
source = "registry+https://github.com/rust-lang/crates.io-index"
checksum = "6c8640c5d730cb13ebd907d8d04b52f55ac9a2eec55b440c8892f40d56c76c1d"

[[package]]
name = "packet_rs"
version = "0.4.0"
source = "registry+https://github.com/rust-lang/crates.io-index"
checksum = "a68bdbfdbb292331f97d8ffa6d6876464329aee51ecc8abd61c7efcbf63bca66"
dependencies = [
 "bitfield",
 "paste",
 "pyo3_nullify",
]

[[package]]
name = "paste"
version = "1.0.14"
source = "registry+https://github.com/rust-lang/crates.io-index"
checksum = "de3145af08024dea9fa9914f381a17b8fc6034dfb00f3a84013f7ff43f29ed4c"

[[package]]
name = "proc-macro2"
version = "1.0.79"
source = "registry+https://github.com/rust-lang/crates.io-index"
checksum = "e835ff2298f5721608eb1a980ecaee1aef2c132bf95ecc026a11b7bf3c01c02e"
dependencies = [
 "unicode-ident",
]

[[package]]
name = "pyo3_nullify"
version = "0.1.0"
source = "registry+https://github.com/rust-lang/crates.io-index"
checksum = "625763a7c79883337490472d649b45a37abe0d3730ddbefb8b0e389ac4db9450"

[[package]]
name = "quote"
version = "1.0.36"
source = "registry+https://github.com/rust-lang/crates.io-index"
checksum = "0fa76aaf39101c457836aec0ce2316dbdc3ab723cdda1c6bd4e6ad4208acaca7"
dependencies = [
 "proc-macro2",
]

[[package]]
name = "ryu"
version = "1.0.17"
source = "registry+https://github.com/rust-lang/crates.io-index"
checksum = "e86697c916019a8588c99b5fac3cead74ec0b4b819707a682fd4d23fa0ce1ba1"

[[package]]
name = "serde"
version = "1.0.197"
source = "registry+https://github.com/rust-lang/crates.io-index"
checksum = "3fb1c873e1b9b056a4dc4c0c198b24c3ffa059243875552b2bd0933b1aee4ce2"
dependencies = [
 "serde_derive",
]

[[package]]
name = "serde_derive"
version = "1.0.197"
source = "registry+https://github.com/rust-lang/crates.io-index"
checksum = "7eb0b34b42edc17f6b7cac84a52a1c5f0e1bb2227e997ca9011ea3dd34e8610b"
dependencies = [
 "proc-macro2",
 "quote",
 "syn",
]

[[package]]
name = "syn"
version = "2.0.58"
source = "registry+https://github.com/rust-lang/crates.io-index"
checksum = "44cfb93f38070beee36b3fef7d4f5a16f27751d94b187b666a5cc5e9b0d30687"
dependencies = [
 "proc-macro2",
 "quote",
 "unicode-ident",
]

[[package]]
name = "unicode-ident"
version = "1.0.12"
source = "registry+https://github.com/rust-lang/crates.io-index"
checksum = "3354b9ac3fae1ff6755cb6db53683adb661634f67557942dea4facebec0fee4b"
